
Microsoft Visual Studio Solution File, Format Version 12.00
# Visual Studio Version 17
VisualStudioVersion = 17.9.34728.123
MinimumVisualStudioVersion = 10.0.40219.1
Project("{9A19103F-16F7-4668-BE54-9A1E7A4F7556}") = "MauiAPPUTN", "MauiAPPUTN.csproj", "{3F167C6A-93EE-4882-AB4E-4D1F8AF88ED1}"
EndProject
Project("{9A19103F-16F7-4668-BE54-9A1E7A4F7556}") = "APIConsumer", "..\APIConsumer\APIConsumer.csproj", "{00A168E3-2ADB-459F-9AD7-79CEDC417A9B}"
EndProject
Global
	GlobalSection(SolutionConfigurationPlatforms) = preSolution
		Debug|Any CPU = Debug|Any CPU
		Release|Any CPU = Release|Any CPU
	EndGlobalSection
	GlobalSection(ProjectConfigurationPlatforms) = postSolution
		{3F167C6A-93EE-4882-AB4E-4D1F8AF88ED1}.Debug|Any CPU.ActiveCfg = Debug|Any CPU
		{3F167C6A-93EE-4882-AB4E-4D1F8AF88ED1}.Debug|Any CPU.Build.0 = Debug|Any CPU
		{3F167C6A-93EE-4882-AB4E-4D1F8AF88ED1}.Debug|Any CPU.Deploy.0 = Debug|Any CPU
		{3F167C6A-93EE-4882-AB4E-4D1F8AF88ED1}.Release|Any CPU.ActiveCfg = Release|Any CPU
		{3F167C6A-93EE-4882-AB4E-4D1F8AF88ED1}.Release|Any CPU.Build.0 = Release|Any CPU
		{3F167C6A-93EE-4882-AB4E-4D1F8AF88ED1}.Release|Any CPU.Deploy.0 = Release|Any CPU
		{00A168E3-2ADB-459F-9AD7-79CEDC417A9B}.Debug|Any CPU.ActiveCfg = Debug|Any CPU
		{00A168E3-2ADB-459F-9AD7-79CEDC417A9B}.Debug|Any CPU.Build.0 = Debug|Any CPU
		{00A168E3-2ADB-459F-9AD7-79CEDC417A9B}.Release|Any CPU.ActiveCfg = Release|Any CPU
		{00A168E3-2ADB-459F-9AD7-79CEDC417A9B}.Release|Any CPU.Build.0 = Release|Any CPU
	EndGlobalSection
	GlobalSection(SolutionProperties) = preSolution
		HideSolutionNode = FALSE
	EndGlobalSection
	GlobalSection(ExtensibilityGlobals) = postSolution
		SolutionGuid = {348EC4D7-6518-4FBD-90CB-A39301246CC8}
	EndGlobalSection
EndGlobal
